
Microsoft Visual Studio Solution File, Format Version 12.00
# Visual Studio 15
VisualStudioVersion = 15.0.27004.2002
MinimumVisualStudioVersion = 10.0.40219.1
Project("{FAE04EC0-301F-11D3-BF4B-00C04F79EFBC}") = "Test", "Test\Test.csproj", "{50639D56-40CF-4676-A931-78FA9F8F7A71}"
EndProject
Project("{FAE04EC0-301F-11D3-BF4B-00C04F79EFBC}") = "Datos", "Datos\Datos.csproj", "{13C21FE5-E0D0-4362-AB25-16F12D083B10}"
EndProject
Project("{FAE04EC0-301F-11D3-BF4B-00C04F79EFBC}") = "LocalWebService", "LocalWebService\LocalWebService.csproj", "{F9DA8944-AC24-4F96-B587-7D4287E0B883}"
EndProject
Project("{FAE04EC0-301F-11D3-BF4B-00C04F79EFBC}") = "TiendaCore", "TiendaCore\TiendaCore.csproj", "{3CFED235-978A-445F-946A-1E93C9E24C53}"
EndProject
Global
	GlobalSection(SolutionConfigurationPlatforms) = preSolution
		Debug|Any CPU = Debug|Any CPU
		Debug|ARM = Debug|ARM
		Debug|x64 = Debug|x64
		Debug|x86 = Debug|x86
		Release|Any CPU = Release|Any CPU
		Release|ARM = Release|ARM
		Release|x64 = Release|x64
		Release|x86 = Release|x86
	EndGlobalSection
	GlobalSection(ProjectConfigurationPlatforms) = postSolution
		{50639D56-40CF-4676-A931-78FA9F8F7A71}.Debug|Any CPU.ActiveCfg = Debug|Any CPU
		{50639D56-40CF-4676-A931-78FA9F8F7A71}.Debug|Any CPU.Build.0 = Debug|Any CPU
		{50639D56-40CF-4676-A931-78FA9F8F7A71}.Debug|ARM.ActiveCfg = Debug|Any CPU
		{50639D56-40CF-4676-A931-78FA9F8F7A71}.Debug|ARM.Build.0 = Debug|Any CPU
		{50639D56-40CF-4676-A931-78FA9F8F7A71}.Debug|x64.ActiveCfg = Debug|Any CPU
		{50639D56-40CF-4676-A931-78FA9F8F7A71}.Debug|x64.Build.0 = Debug|Any CPU
		{50639D56-40CF-4676-A931-78FA9F8F7A71}.Debug|x86.ActiveCfg = Debug|Any CPU
		{50639D56-40CF-4676-A931-78FA9F8F7A71}.Debug|x86.Build.0 = Debug|Any CPU
		{50639D56-40CF-4676-A931-78FA9F8F7A71}.Release|Any CPU.ActiveCfg = Release|Any CPU
		{50639D56-40CF-4676-A931-78FA9F8F7A71}.Release|Any CPU.Build.0 = Release|Any CPU
		{50639D56-40CF-4676-A931-78FA9F8F7A71}.Release|ARM.ActiveCfg = Release|Any CPU
		{50639D56-40CF-4676-A931-78FA9F8F7A71}.Release|ARM.Build.0 = Release|Any CPU
		{50639D56-40CF-4676-A931-78FA9F8F7A71}.Release|x64.ActiveCfg = Release|Any CPU
		{50639D56-40CF-4676-A931-78FA9F8F7A71}.Release|x64.Build.0 = Release|Any CPU
		{50639D56-40CF-4676-A931-78FA9F8F7A71}.Release|x86.ActiveCfg = Release|Any CPU
		{50639D56-40CF-4676-A931-78FA9F8F7A71}.Release|x86.Build.0 = Release|Any CPU
		{13C21FE5-E0D0-4362-AB25-16F12D083B10}.Debug|Any CPU.ActiveCfg = Debug|Any CPU
		{13C21FE5-E0D0-4362-AB25-16F12D083B10}.Debug|Any CPU.Build.0 = Debug|Any CPU
		{13C21FE5-E0D0-4362-AB25-16F12D083B10}.Debug|ARM.ActiveCfg = Debug|Any CPU
		{13C21FE5-E0D0-4362-AB25-16F12D083B10}.Debug|ARM.Build.0 = Debug|Any CPU
		{13C21FE5-E0D0-4362-AB25-16F12D083B10}.Debug|x64.ActiveCfg = Debug|Any CPU
		{13C21FE5-E0D0-4362-AB25-16F12D083B10}.Debug|x64.Build.0 = Debug|Any CPU
		{13C21FE5-E0D0-4362-AB25-16F12D083B10}.Debug|x86.ActiveCfg = Debug|Any CPU
		{13C21FE5-E0D0-4362-AB25-16F12D083B10}.Debug|x86.Build.0 = Debug|Any CPU
		{13C21FE5-E0D0-4362-AB25-16F12D083B10}.Release|Any CPU.ActiveCfg = Release|Any CPU
		{13C21FE5-E0D0-4362-AB25-16F12D083B10}.Release|Any CPU.Build.0 = Release|Any CPU
		{13C21FE5-E0D0-4362-AB25-16F12D083B10}.Release|ARM.ActiveCfg = Release|Any CPU
		{13C21FE5-E0D0-4362-AB25-16F12D083B10}.Release|ARM.Build.0 = Release|Any CPU
		{13C21FE5-E0D0-4362-AB25-16F12D083B10}.Release|x64.ActiveCfg = Release|Any CPU
		{13C21FE5-E0D0-4362-AB25-16F12D083B10}.Release|x64.Build.0 = Release|Any CPU
		{13C21FE5-E0D0-4362-AB25-16F12D083B10}.Release|x86.ActiveCfg = Release|Any CPU
		{13C21FE5-E0D0-4362-AB25-16F12D083B10}.Release|x86.Build.0 = Release|Any CPU
		{F9DA8944-AC24-4F96-B587-7D4287E0B883}.Debug|Any CPU.ActiveCfg = Debug|Any CPU
		{F9DA8944-AC24-4F96-B587-7D4287E0B883}.Debug|Any CPU.Build.0 = Debug|Any CPU
		{F9DA8944-AC24-4F96-B587-7D4287E0B883}.Debug|ARM.ActiveCfg = Debug|Any CPU
		{F9DA8944-AC24-4F96-B587-7D4287E0B883}.Debug|ARM.Build.0 = Debug|Any CPU
		{F9DA8944-AC24-4F96-B587-7D4287E0B883}.Debug|x64.ActiveCfg = Debug|Any CPU
		{F9DA8944-AC24-4F96-B587-7D4287E0B883}.Debug|x64.Build.0 = Debug|Any CPU
		{F9DA8944-AC24-4F96-B587-7D4287E0B883}.Debug|x86.ActiveCfg = Debug|Any CPU
		{F9DA8944-AC24-4F96-B587-7D4287E0B883}.Debug|x86.Build.0 = Debug|Any CPU
		{F9DA8944-AC24-4F96-B587-7D4287E0B883}.Release|Any CPU.ActiveCfg = Release|Any CPU
		{F9DA8944-AC24-4F96-B587-7D4287E0B883}.Release|Any CPU.Build.0 = Release|Any CPU
		{F9DA8944-AC24-4F96-B587-7D4287E0B883}.Release|ARM.ActiveCfg = Release|Any CPU
		{F9DA8944-AC24-4F96-B587-7D4287E0B883}.Release|ARM.Build.0 = Release|Any CPU
		{F9DA8944-AC24-4F96-B587-7D4287E0B883}.Release|x64.ActiveCfg = Release|Any CPU
		{F9DA8944-AC24-4F96-B587-7D4287E0B883}.Release|x64.Build.0 = Release|Any CPU
		{F9DA8944-AC24-4F96-B587-7D4287E0B883}.Release|x86.ActiveCfg = Release|Any CPU
		{F9DA8944-AC24-4F96-B587-7D4287E0B883}.Release|x86.Build.0 = Release|Any CPU
		{3CFED235-978A-445F-946A-1E93C9E24C53}.Debug|Any CPU.ActiveCfg = Debug|Any CPU
		{3CFED235-978A-445F-946A-1E93C9E24C53}.Debug|Any CPU.Build.0 = Debug|Any CPU
		{3CFED235-978A-445F-946A-1E93C9E24C53}.Debug|ARM.ActiveCfg = Debug|Any CPU
		{3CFED235-978A-445F-946A-1E93C9E24C53}.Debug|ARM.Build.0 = Debug|Any CPU
		{3CFED235-978A-445F-946A-1E93C9E24C53}.Debug|x64.ActiveCfg = Debug|Any CPU
		{3CFED235-978A-445F-946A-1E93C9E24C53}.Debug|x64.Build.0 = Debug|Any CPU
		{3CFED235-978A-445F-946A-1E93C9E24C53}.Debug|x86.ActiveCfg = Debug|Any CPU
		{3CFED235-978A-445F-946A-1E93C9E24C53}.Debug|x86.Build.0 = Debug|Any CPU
		{3CFED235-978A-445F-946A-1E93C9E24C53}.Release|Any CPU.ActiveCfg = Release|Any CPU
		{3CFED235-978A-445F-946A-1E93C9E24C53}.Release|Any CPU.Build.0 = Release|Any CPU
		{3CFED235-978A-445F-946A-1E93C9E24C53}.Release|ARM.ActiveCfg = Release|Any CPU
		{3CFED235-978A-445F-946A-1E93C9E24C53}.Release|ARM.Build.0 = Release|Any CPU
		{3CFED235-978A-445F-946A-1E93C9E24C53}.Release|x64.ActiveCfg = Release|Any CPU
		{3CFED235-978A-445F-946A-1E93C9E24C53}.Release|x64.Build.0 = Release|Any CPU
		{3CFED235-978A-445F-946A-1E93C9E24C53}.Release|x86.ActiveCfg = Release|Any CPU
		{3CFED235-978A-445F-946A-1E93C9E24C53}.Release|x86.Build.0 = Release|Any CPU
	EndGlobalSection
	GlobalSection(SolutionProperties) = preSolution
		HideSolutionNode = FALSE
	EndGlobalSection
	GlobalSection(ExtensibilityGlobals) = postSolution
		SolutionGuid = {41EEECA4-BEDE-44B9-A039-39C340D2E26C}
	EndGlobalSection
EndGlobal
