
Microsoft Visual Studio Solution File, Format Version 12.00
# Visual Studio 15
VisualStudioVersion = 15.0.27004.2002
MinimumVisualStudioVersion = 10.0.40219.1
Project("{FAE04EC0-301F-11D3-BF4B-00C04F79EFBC}") = "Test", "Test\Test.csproj", "{50639D56-40CF-4676-A931-78FA9F8F7A71}"
EndProject
Project("{FAE04EC0-301F-11D3-BF4B-00C04F79EFBC}") = "Datos", "Datos\Datos.csproj", "{13C21FE5-E0D0-4362-AB25-16F12D083B10}"
EndProject
Global
	GlobalSection(SolutionConfigurationPlatforms) = preSolution
		Debug|Any CPU = Debug|Any CPU
		Release|Any CPU = Release|Any CPU
	EndGlobalSection
	GlobalSection(ProjectConfigurationPlatforms) = postSolution
		{50639D56-40CF-4676-A931-78FA9F8F7A71}.Debug|Any CPU.ActiveCfg = Debug|Any CPU
		{50639D56-40CF-4676-A931-78FA9F8F7A71}.Debug|Any CPU.Build.0 = Debug|Any CPU
		{50639D56-40CF-4676-A931-78FA9F8F7A71}.Release|Any CPU.ActiveCfg = Release|Any CPU
		{50639D56-40CF-4676-A931-78FA9F8F7A71}.Release|Any CPU.Build.0 = Release|Any CPU
		{13C21FE5-E0D0-4362-AB25-16F12D083B10}.Debug|Any CPU.ActiveCfg = Debug|Any CPU
		{13C21FE5-E0D0-4362-AB25-16F12D083B10}.Debug|Any CPU.Build.0 = Debug|Any CPU
		{13C21FE5-E0D0-4362-AB25-16F12D083B10}.Release|Any CPU.ActiveCfg = Release|Any CPU
		{13C21FE5-E0D0-4362-AB25-16F12D083B10}.Release|Any CPU.Build.0 = Release|Any CPU
	EndGlobalSection
	GlobalSection(SolutionProperties) = preSolution
		HideSolutionNode = FALSE
	EndGlobalSection
	GlobalSection(ExtensibilityGlobals) = postSolution
		SolutionGuid = {41EEECA4-BEDE-44B9-A039-39C340D2E26C}
	EndGlobalSection
EndGlobal
